<?xml version="1.0" encoding="utf-8"?>
<Project ToolsVersion="4.0" xmlns="http://schemas.microsoft.com/developer/msbuild/2003">
  <ItemGroup>
    <Filter Include="Source Files">
      <UniqueIdentifier>{4FC737F1-C7A5-4376-A066-2A32D752A2FF}</UniqueIdentifier>
      <Extensions>cpp;c;cc;cxx;def;odl;idl;hpj;bat;asm;asmx</Extensions>
    </Filter>
    <Filter Include="Header Files">
      <UniqueIdentifier>{93995380-89BD-4b04-88EB-625FBE52EBFB}</UniqueIdentifier>
      <Extensions>h;hh;hpp;hxx;hm;inl;inc;xsd</Extensions>
    </Filter>
    <Filter Include="Resource Files">
      <UniqueIdentifier>{67DA6AB6-F800-4c08-8B7A-83BB121AAD01}</UniqueIdentifier>
      <Extensions>rc;ico;cur;bmp;dlg;rc2;rct;bin;rgs;gif;jpg;jpeg;jpe;resx;tiff;tif;png;wav</Extensions>
    </Filter>
  </ItemGroup>
  <ItemGroup>
    <ClCompile Include="FileHandler.cpp">
      <Filter>Source Files</Filter>
    </ClCompile>
    <ClCompile Include="VSProj.cpp">
      <Filter>Source Files</Filter>
    </ClCompile>
    <ClCompile Include="solution\J1v1.cpp">
      <Filter>Source Files</Filter>
    </ClCompile>
    <ClCompile Include="solution\J1v2.cpp">
      <Filter>Source Files</Filter>
    </ClCompile>
    <ClCompile Include="solution\J2v1.cpp">
      <Filter>Source Files</Filter>
    </ClCompile>
    <ClCompile Include="solution\J2v2.cpp">
      <Filter>Source Files</Filter>
    </ClCompile>
    <ClCompile Include="solution\J3v1.cpp">
      <Filter>Source Files</Filter>
    </ClCompile>
    <ClCompile Include="solution\J3v2.cpp">
      <Filter>Source Files</Filter>
    </ClCompile>
    <ClCompile Include="solution\J4v1.cpp">
      <Filter>Source Files</Filter>
    </ClCompile>
    <ClCompile Include="solution\J4v2.cpp">
      <Filter>Source Files</Filter>
    </ClCompile>
    <ClCompile Include="solution\J5v1.cpp">
      <Filter>Source Files</Filter>
    </ClCompile>
    <ClCompile Include="solution\J5v2.cpp">
      <Filter>Source Files</Filter>
    </ClCompile>
    <ClCompile Include="solution\J7v1.cpp">
      <Filter>Source Files</Filter>
    </ClCompile>
    <ClCompile Include="solution\J7v2.cpp">
      <Filter>Source Files</Filter>
    </ClCompile>
    <ClCompile Include="solution\J8v1.cpp">
      <Filter>Source Files</Filter>
    </ClCompile>
    <ClCompile Include="solution\J8v2.cpp">
      <Filter>Source Files</Filter>
    </ClCompile>
    <ClCompile Include="solution\J9v1.cpp">
      <Filter>Source Files</Filter>
    </ClCompile>
    <ClCompile Include="Solution\J9v2.cpp">
      <Filter>Source Files</Filter>
    </ClCompile>
    <ClCompile Include="Solution\J13v1.cpp">
      <Filter>Source Files</Filter>
    </ClCompile>
    <ClCompile Include="Solution\J13v2.cpp">
      <Filter>Source Files</Filter>
    </ClCompile>
    <ClCompile Include="Solution\J15v2.cpp">
      <Filter>Source Files</Filter>
    </ClCompile>
    <ClCompile Include="Solution\J18v1.cpp">
      <Filter>Source Files</Filter>
    </ClCompile>
    <ClCompile Include="Solution\J15v1.cpp">
      <Filter>Source Files</Filter>
    </ClCompile>
    <ClCompile Include="Solution\J18v2.cpp">
      <Filter>Source Files</Filter>
    </ClCompile>
    <ClCompile Include="Solution\J14v1.cpp">
      <Filter>Source Files</Filter>
    </ClCompile>
    <ClCompile Include="Solution\J14v2.cpp">
      <Filter>Source Files</Filter>
    </ClCompile>
    <ClCompile Include="Solution\Visualiser\Application.cpp">
      <Filter>Source Files</Filter>
    </ClCompile>
    <ClCompile Include="Dependencies\GLAD\src\glad.c">
      <Filter>Source Files</Filter>
    </ClCompile>
    <ClCompile Include="Solution\Visualiser\Window.cpp">
      <Filter>Source Files</Filter>
    </ClCompile>
  </ItemGroup>
  <ItemGroup>
    <ClInclude Include="FileHandler.h">
      <Filter>Header Files</Filter>
    </ClInclude>
    <ClInclude Include="solution\J1.h">
      <Filter>Header Files</Filter>
    </ClInclude>
    <ClInclude Include="solution\J2.h">
      <Filter>Header Files</Filter>
    </ClInclude>
    <ClInclude Include="solution\J3.h">
      <Filter>Header Files</Filter>
    </ClInclude>
    <ClInclude Include="solution\J4.h">
      <Filter>Header Files</Filter>
    </ClInclude>
    <ClInclude Include="solution\J5.h">
      <Filter>Header Files</Filter>
    </ClInclude>
    <ClInclude Include="solution\J7.h">
      <Filter>Header Files</Filter>
    </ClInclude>
    <ClInclude Include="solution\J8.h">
      <Filter>Header Files</Filter>
    </ClInclude>
    <ClInclude Include="solution\J9.h">
      <Filter>Header Files</Filter>
    </ClInclude>
    <ClInclude Include="Solution\J13.h">
      <Filter>Header Files</Filter>
    </ClInclude>
    <ClInclude Include="Solution\J18.h">
      <Filter>Header Files</Filter>
    </ClInclude>
    <ClInclude Include="Solution\J15.h">
      <Filter>Header Files</Filter>
    </ClInclude>
    <ClInclude Include="Solution\J14.h">
      <Filter>Header Files</Filter>
    </ClInclude>
    <ClInclude Include="Solution\Visualiser\Application.h">
      <Filter>Header Files</Filter>
    </ClInclude>
    <ClInclude Include="Dependencies\GLFW\include\GLFW\glfw3.h">
      <Filter>Header Files</Filter>
    </ClInclude>
    <ClInclude Include="Dependencies\GLFW\include\GLFW\glfw3native.h">
      <Filter>Header Files</Filter>
    </ClInclude>
    <ClInclude Include="Dependencies\GLAD\include\glad\glad.h">
      <Filter>Header Files</Filter>
    </ClInclude>
    <ClInclude Include="Dependencies\GLAD\include\KHR\khrplatform.h">
      <Filter>Header Files</Filter>
    </ClInclude>
    <ClInclude Include="Solution\Visualiser\Window.h">
      <Filter>Header Files</Filter>
    </ClInclude>
  </ItemGroup>
</Project>